
Microsoft Visual Studio Solution File, Format Version 12.00
# Visual Studio Version 17
VisualStudioVersion = 17.3.32804.467
MinimumVisualStudioVersion = 10.0.40219.1
Project("{FAE04EC0-301F-11D3-BF4B-00C04F79EFBC}") = "CustomException", "CustomException\CustomException.csproj", "{09E5A54A-CF13-4301-A9CC-8EE1868E3485}"
EndProject
Global
	GlobalSection(SolutionConfigurationPlatforms) = preSolution
		Debug|Any CPU = Debug|Any CPU
		Release|Any CPU = Release|Any CPU
	EndGlobalSection
	GlobalSection(ProjectConfigurationPlatforms) = postSolution
		{09E5A54A-CF13-4301-A9CC-8EE1868E3485}.Debug|Any CPU.ActiveCfg = Debug|Any CPU
		{09E5A54A-CF13-4301-A9CC-8EE1868E3485}.Debug|Any CPU.Build.0 = Debug|Any CPU
		{09E5A54A-CF13-4301-A9CC-8EE1868E3485}.Release|Any CPU.ActiveCfg = Release|Any CPU
		{09E5A54A-CF13-4301-A9CC-8EE1868E3485}.Release|Any CPU.Build.0 = Release|Any CPU
	EndGlobalSection
	GlobalSection(SolutionProperties) = preSolution
		HideSolutionNode = FALSE
	EndGlobalSection
	GlobalSection(ExtensibilityGlobals) = postSolution
		SolutionGuid = {E98E6602-3DC4-434D-86C0-0D5A51885F09}
	EndGlobalSection
EndGlobal
