
Microsoft Visual Studio Solution File, Format Version 12.00
# Visual Studio Version 17
VisualStudioVersion = 17.3.32804.467
MinimumVisualStudioVersion = 10.0.40219.1
Project("{FAE04EC0-301F-11D3-BF4B-00C04F79EFBC}") = "FileStream", "FileStream\FileStream.csproj", "{3598DDC9-0E83-4FFC-94DD-335CA4CECE3D}"
EndProject
Global
	GlobalSection(SolutionConfigurationPlatforms) = preSolution
		Debug|Any CPU = Debug|Any CPU
		Release|Any CPU = Release|Any CPU
	EndGlobalSection
	GlobalSection(ProjectConfigurationPlatforms) = postSolution
		{3598DDC9-0E83-4FFC-94DD-335CA4CECE3D}.Debug|Any CPU.ActiveCfg = Debug|Any CPU
		{3598DDC9-0E83-4FFC-94DD-335CA4CECE3D}.Debug|Any CPU.Build.0 = Debug|Any CPU
		{3598DDC9-0E83-4FFC-94DD-335CA4CECE3D}.Release|Any CPU.ActiveCfg = Release|Any CPU
		{3598DDC9-0E83-4FFC-94DD-335CA4CECE3D}.Release|Any CPU.Build.0 = Release|Any CPU
	EndGlobalSection
	GlobalSection(SolutionProperties) = preSolution
		HideSolutionNode = FALSE
	EndGlobalSection
	GlobalSection(ExtensibilityGlobals) = postSolution
		SolutionGuid = {A0986E47-AF82-4ACE-ACC1-0140F348CECC}
	EndGlobalSection
EndGlobal
