
Microsoft Visual Studio Solution File, Format Version 12.00
# Visual Studio Version 17
VisualStudioVersion = 17.3.32804.467
MinimumVisualStudioVersion = 10.0.40219.1
Project("{FAE04EC0-301F-11D3-BF4B-00C04F79EFBC}") = "LinqWithLambdaExemple", "LinqWithLambdaExemple\LinqWithLambdaExemple.csproj", "{CE104621-CEBB-41AF-8033-5023479D02E3}"
EndProject
Global
	GlobalSection(SolutionConfigurationPlatforms) = preSolution
		Debug|Any CPU = Debug|Any CPU
		Release|Any CPU = Release|Any CPU
	EndGlobalSection
	GlobalSection(ProjectConfigurationPlatforms) = postSolution
		{CE104621-CEBB-41AF-8033-5023479D02E3}.Debug|Any CPU.ActiveCfg = Debug|Any CPU
		{CE104621-CEBB-41AF-8033-5023479D02E3}.Debug|Any CPU.Build.0 = Debug|Any CPU
		{CE104621-CEBB-41AF-8033-5023479D02E3}.Release|Any CPU.ActiveCfg = Release|Any CPU
		{CE104621-CEBB-41AF-8033-5023479D02E3}.Release|Any CPU.Build.0 = Release|Any CPU
	EndGlobalSection
	GlobalSection(SolutionProperties) = preSolution
		HideSolutionNode = FALSE
	EndGlobalSection
	GlobalSection(ExtensibilityGlobals) = postSolution
		SolutionGuid = {2BE515E7-9FA4-41BA-B3EB-593BAF15229B}
	EndGlobalSection
EndGlobal
