
Microsoft Visual Studio Solution File, Format Version 12.00
# Visual Studio Version 17
VisualStudioVersion = 17.3.32804.467
MinimumVisualStudioVersion = 10.0.40219.1
Project("{FAE04EC0-301F-11D3-BF4B-00C04F79EFBC}") = "InterfaceExercise2", "InterfaceExercise2\InterfaceExercise2.csproj", "{3DDF7D1F-90DA-421B-BD64-552781701AFC}"
EndProject
Global
	GlobalSection(SolutionConfigurationPlatforms) = preSolution
		Debug|Any CPU = Debug|Any CPU
		Release|Any CPU = Release|Any CPU
	EndGlobalSection
	GlobalSection(ProjectConfigurationPlatforms) = postSolution
		{3DDF7D1F-90DA-421B-BD64-552781701AFC}.Debug|Any CPU.ActiveCfg = Debug|Any CPU
		{3DDF7D1F-90DA-421B-BD64-552781701AFC}.Debug|Any CPU.Build.0 = Debug|Any CPU
		{3DDF7D1F-90DA-421B-BD64-552781701AFC}.Release|Any CPU.ActiveCfg = Release|Any CPU
		{3DDF7D1F-90DA-421B-BD64-552781701AFC}.Release|Any CPU.Build.0 = Release|Any CPU
	EndGlobalSection
	GlobalSection(SolutionProperties) = preSolution
		HideSolutionNode = FALSE
	EndGlobalSection
	GlobalSection(ExtensibilityGlobals) = postSolution
		SolutionGuid = {336A2027-8FF1-4F03-81B3-978700A693FB}
	EndGlobalSection
EndGlobal
