
Microsoft Visual Studio Solution File, Format Version 12.00
# Visual Studio Version 17
VisualStudioVersion = 17.3.32804.467
MinimumVisualStudioVersion = 10.0.40219.1
Project("{FAE04EC0-301F-11D3-BF4B-00C04F79EFBC}") = "InheritancePolymorphimsExercice", "InheritancePolymorphimsExercice\InheritancePolymorphimsExercice.csproj", "{F996B9AB-BC6A-4025-9348-A02D0446EBA3}"
EndProject
Global
	GlobalSection(SolutionConfigurationPlatforms) = preSolution
		Debug|Any CPU = Debug|Any CPU
		Release|Any CPU = Release|Any CPU
	EndGlobalSection
	GlobalSection(ProjectConfigurationPlatforms) = postSolution
		{F996B9AB-BC6A-4025-9348-A02D0446EBA3}.Debug|Any CPU.ActiveCfg = Debug|Any CPU
		{F996B9AB-BC6A-4025-9348-A02D0446EBA3}.Debug|Any CPU.Build.0 = Debug|Any CPU
		{F996B9AB-BC6A-4025-9348-A02D0446EBA3}.Release|Any CPU.ActiveCfg = Release|Any CPU
		{F996B9AB-BC6A-4025-9348-A02D0446EBA3}.Release|Any CPU.Build.0 = Release|Any CPU
	EndGlobalSection
	GlobalSection(SolutionProperties) = preSolution
		HideSolutionNode = FALSE
	EndGlobalSection
	GlobalSection(ExtensibilityGlobals) = postSolution
		SolutionGuid = {30D276A2-57C8-462B-8988-F6BE121BA475}
	EndGlobalSection
EndGlobal
