
Microsoft Visual Studio Solution File, Format Version 12.00
# Visual Studio Version 17
VisualStudioVersion = 17.3.32804.467
MinimumVisualStudioVersion = 10.0.40219.1
Project("{FAE04EC0-301F-11D3-BF4B-00C04F79EFBC}") = "IComparable", "IComparable\IComparable.csproj", "{3CF794BF-B3BC-4023-8116-4C720831A128}"
EndProject
Global
	GlobalSection(SolutionConfigurationPlatforms) = preSolution
		Debug|Any CPU = Debug|Any CPU
		Release|Any CPU = Release|Any CPU
	EndGlobalSection
	GlobalSection(ProjectConfigurationPlatforms) = postSolution
		{3CF794BF-B3BC-4023-8116-4C720831A128}.Debug|Any CPU.ActiveCfg = Debug|Any CPU
		{3CF794BF-B3BC-4023-8116-4C720831A128}.Debug|Any CPU.Build.0 = Debug|Any CPU
		{3CF794BF-B3BC-4023-8116-4C720831A128}.Release|Any CPU.ActiveCfg = Release|Any CPU
		{3CF794BF-B3BC-4023-8116-4C720831A128}.Release|Any CPU.Build.0 = Release|Any CPU
	EndGlobalSection
	GlobalSection(SolutionProperties) = preSolution
		HideSolutionNode = FALSE
	EndGlobalSection
	GlobalSection(ExtensibilityGlobals) = postSolution
		SolutionGuid = {893E78CA-CF53-4589-AAD2-5404F8877E44}
	EndGlobalSection
EndGlobal
