
Microsoft Visual Studio Solution File, Format Version 12.00
# Visual Studio Version 17
VisualStudioVersion = 17.3.32804.467
MinimumVisualStudioVersion = 10.0.40219.1
Project("{FAE04EC0-301F-11D3-BF4B-00C04F79EFBC}") = "OrderStatusSystem", "OrderStatusSystem\OrderStatusSystem.csproj", "{2B5602DD-A65B-4642-9B2B-9A24C4128063}"
EndProject
Global
	GlobalSection(SolutionConfigurationPlatforms) = preSolution
		Debug|Any CPU = Debug|Any CPU
		Release|Any CPU = Release|Any CPU
	EndGlobalSection
	GlobalSection(ProjectConfigurationPlatforms) = postSolution
		{2B5602DD-A65B-4642-9B2B-9A24C4128063}.Debug|Any CPU.ActiveCfg = Debug|Any CPU
		{2B5602DD-A65B-4642-9B2B-9A24C4128063}.Debug|Any CPU.Build.0 = Debug|Any CPU
		{2B5602DD-A65B-4642-9B2B-9A24C4128063}.Release|Any CPU.ActiveCfg = Release|Any CPU
		{2B5602DD-A65B-4642-9B2B-9A24C4128063}.Release|Any CPU.Build.0 = Release|Any CPU
	EndGlobalSection
	GlobalSection(SolutionProperties) = preSolution
		HideSolutionNode = FALSE
	EndGlobalSection
	GlobalSection(ExtensibilityGlobals) = postSolution
		SolutionGuid = {E3199A9D-6B68-46B9-AE81-3CCA70134FE1}
	EndGlobalSection
EndGlobal
