
Microsoft Visual Studio Solution File, Format Version 12.00
# Visual Studio Version 17
VisualStudioVersion = 17.3.32804.467
MinimumVisualStudioVersion = 10.0.40219.1
Project("{FAE04EC0-301F-11D3-BF4B-00C04F79EFBC}") = "VehicleRent", "VehicleRent\VehicleRent.csproj", "{B1B1F79A-6F93-4A8B-B9C7-8D636CA0EF38}"
EndProject
Global
	GlobalSection(SolutionConfigurationPlatforms) = preSolution
		Debug|Any CPU = Debug|Any CPU
		Release|Any CPU = Release|Any CPU
	EndGlobalSection
	GlobalSection(ProjectConfigurationPlatforms) = postSolution
		{B1B1F79A-6F93-4A8B-B9C7-8D636CA0EF38}.Debug|Any CPU.ActiveCfg = Debug|Any CPU
		{B1B1F79A-6F93-4A8B-B9C7-8D636CA0EF38}.Debug|Any CPU.Build.0 = Debug|Any CPU
		{B1B1F79A-6F93-4A8B-B9C7-8D636CA0EF38}.Release|Any CPU.ActiveCfg = Release|Any CPU
		{B1B1F79A-6F93-4A8B-B9C7-8D636CA0EF38}.Release|Any CPU.Build.0 = Release|Any CPU
	EndGlobalSection
	GlobalSection(SolutionProperties) = preSolution
		HideSolutionNode = FALSE
	EndGlobalSection
	GlobalSection(ExtensibilityGlobals) = postSolution
		SolutionGuid = {40C7201F-0D10-4070-8B8B-CEB97E4A1400}
	EndGlobalSection
EndGlobal
