
Microsoft Visual Studio Solution File, Format Version 12.00
# Visual Studio Version 17
VisualStudioVersion = 17.3.32804.467
MinimumVisualStudioVersion = 10.0.40219.1
Project("{FAE04EC0-301F-11D3-BF4B-00C04F79EFBC}") = "GetHashCode_Equals", "GetHashCode_Equals\GetHashCode_Equals.csproj", "{7872BF7F-9A8B-4443-A073-8E2B2616F3B6}"
EndProject
Global
	GlobalSection(SolutionConfigurationPlatforms) = preSolution
		Debug|Any CPU = Debug|Any CPU
		Release|Any CPU = Release|Any CPU
	EndGlobalSection
	GlobalSection(ProjectConfigurationPlatforms) = postSolution
		{7872BF7F-9A8B-4443-A073-8E2B2616F3B6}.Debug|Any CPU.ActiveCfg = Debug|Any CPU
		{7872BF7F-9A8B-4443-A073-8E2B2616F3B6}.Debug|Any CPU.Build.0 = Debug|Any CPU
		{7872BF7F-9A8B-4443-A073-8E2B2616F3B6}.Release|Any CPU.ActiveCfg = Release|Any CPU
		{7872BF7F-9A8B-4443-A073-8E2B2616F3B6}.Release|Any CPU.Build.0 = Release|Any CPU
	EndGlobalSection
	GlobalSection(SolutionProperties) = preSolution
		HideSolutionNode = FALSE
	EndGlobalSection
	GlobalSection(ExtensibilityGlobals) = postSolution
		SolutionGuid = {F248701F-D05B-459B-BF80-9C48C2F55AB4}
	EndGlobalSection
EndGlobal
