
Microsoft Visual Studio Solution File, Format Version 12.00
# Visual Studio Version 17
VisualStudioVersion = 17.3.32804.467
MinimumVisualStudioVersion = 10.0.40219.1
Project("{FAE04EC0-301F-11D3-BF4B-00C04F79EFBC}") = "ExercicioConjuntos2", "ExercicioConjuntos2\ExercicioConjuntos2.csproj", "{4B93E515-7845-4D84-88F2-B9358E4FC147}"
EndProject
Global
	GlobalSection(SolutionConfigurationPlatforms) = preSolution
		Debug|Any CPU = Debug|Any CPU
		Release|Any CPU = Release|Any CPU
	EndGlobalSection
	GlobalSection(ProjectConfigurationPlatforms) = postSolution
		{4B93E515-7845-4D84-88F2-B9358E4FC147}.Debug|Any CPU.ActiveCfg = Debug|Any CPU
		{4B93E515-7845-4D84-88F2-B9358E4FC147}.Debug|Any CPU.Build.0 = Debug|Any CPU
		{4B93E515-7845-4D84-88F2-B9358E4FC147}.Release|Any CPU.ActiveCfg = Release|Any CPU
		{4B93E515-7845-4D84-88F2-B9358E4FC147}.Release|Any CPU.Build.0 = Release|Any CPU
	EndGlobalSection
	GlobalSection(SolutionProperties) = preSolution
		HideSolutionNode = FALSE
	EndGlobalSection
	GlobalSection(ExtensibilityGlobals) = postSolution
		SolutionGuid = {19C8376D-E73D-4335-973F-FFBAB984E8D9}
	EndGlobalSection
EndGlobal
