
Microsoft Visual Studio Solution File, Format Version 12.00
# Visual Studio Version 17
VisualStudioVersion = 17.3.32804.467
MinimumVisualStudioVersion = 10.0.40219.1
Project("{FAE04EC0-301F-11D3-BF4B-00C04F79EFBC}") = "DictionaryCookie", "DictionaryCookie\DictionaryCookie.csproj", "{2BA9A378-B7AC-4878-B363-5C8FAD25E3A5}"
EndProject
Global
	GlobalSection(SolutionConfigurationPlatforms) = preSolution
		Debug|Any CPU = Debug|Any CPU
		Release|Any CPU = Release|Any CPU
	EndGlobalSection
	GlobalSection(ProjectConfigurationPlatforms) = postSolution
		{2BA9A378-B7AC-4878-B363-5C8FAD25E3A5}.Debug|Any CPU.ActiveCfg = Debug|Any CPU
		{2BA9A378-B7AC-4878-B363-5C8FAD25E3A5}.Debug|Any CPU.Build.0 = Debug|Any CPU
		{2BA9A378-B7AC-4878-B363-5C8FAD25E3A5}.Release|Any CPU.ActiveCfg = Release|Any CPU
		{2BA9A378-B7AC-4878-B363-5C8FAD25E3A5}.Release|Any CPU.Build.0 = Release|Any CPU
	EndGlobalSection
	GlobalSection(SolutionProperties) = preSolution
		HideSolutionNode = FALSE
	EndGlobalSection
	GlobalSection(ExtensibilityGlobals) = postSolution
		SolutionGuid = {FACC0343-C619-48D2-BEDE-CD36A5CCD9F2}
	EndGlobalSection
EndGlobal
