
Microsoft Visual Studio Solution File, Format Version 12.00
# Visual Studio Version 17
VisualStudioVersion = 17.3.32804.467
MinimumVisualStudioVersion = 10.0.40219.1
Project("{FAE04EC0-301F-11D3-BF4B-00C04F79EFBC}") = "DelegateFunc", "DelegateFunc\DelegateFunc.csproj", "{26283A88-72C8-4547-B2EB-1FB14A099BD0}"
EndProject
Global
	GlobalSection(SolutionConfigurationPlatforms) = preSolution
		Debug|Any CPU = Debug|Any CPU
		Release|Any CPU = Release|Any CPU
	EndGlobalSection
	GlobalSection(ProjectConfigurationPlatforms) = postSolution
		{26283A88-72C8-4547-B2EB-1FB14A099BD0}.Debug|Any CPU.ActiveCfg = Debug|Any CPU
		{26283A88-72C8-4547-B2EB-1FB14A099BD0}.Debug|Any CPU.Build.0 = Debug|Any CPU
		{26283A88-72C8-4547-B2EB-1FB14A099BD0}.Release|Any CPU.ActiveCfg = Release|Any CPU
		{26283A88-72C8-4547-B2EB-1FB14A099BD0}.Release|Any CPU.Build.0 = Release|Any CPU
	EndGlobalSection
	GlobalSection(SolutionProperties) = preSolution
		HideSolutionNode = FALSE
	EndGlobalSection
	GlobalSection(ExtensibilityGlobals) = postSolution
		SolutionGuid = {CD552AEB-B35C-42F1-88EA-90FB0C6C232B}
	EndGlobalSection
EndGlobal
